# Harness lock — generated by scripts/harness-lock.sh. Do not edit by hand.
# Refresh: npm run harness:relock (interactive, human only).
1bb9cb652452ff64fc047171561f9d7310319496a03d667703b953a716b3e589  .bundle/config
93422acbd267d465b3e756216e0684face4aa4a48fac9b19cc6f6664f9135f54  .claude/agents/mivro-dev.md
b43baffd967910f6630400cb070b383f399119d5f67398ea407e388e4d15a6e4  .claude/agents/mivro-docs.md
a2977fd321b38852aa8b5cd647ea43273eaaa3652d12f3566d6647fb7aa1e2bf  .claude/agents/mivro-tester.md
796d54020087c65583cd9f103491d3555611e82e6a39a2d9daeafba0ffaab3f4  .claude/agents/reviewer.md
58c8bda6fe648ea6e25ec0d6ed3a9aa752bb0aef4869ec7d750f85d8ddad999a  .claude/commands/feature.md
67cb062f994227ccc45a6a9c6c1afc53286a610a892a2451d66fc5bff9a38689  .claude/commands/fix.md
77502474db853615b7661385281905fa393ea28f5c6e9b38f643779df034fac3  .claude/commands/progress.md
5bcd19e3c0d550a79817ae283ca99dea02eede965ea5c5a74dd163eafb894e33  .claude/commands/qa.md
c2b5d050727790554cf57a25401faea3b74a96e40e92721ec91771970aa277a8  .claude/commands/team.md
01ab44756a6f302c8463d1d9fa52142fab38543e725fd1d9008a4837de0233d1  .claude/settings.json
4a855780aa260c567f47f5164370325ed6ecd15b182590e6663d3ae97e23702b  .claude/skills/add-i18n/SKILL.md
186c5e0a85d6c63ea51ef879a965233cf263d256771b0867d7da7ef9e189c600  .claude/skills/create-atom/SKILL.md
64796f67a7b7aadbbb3abe7101922e8f6b40eea08ee612afec7d20ba19a90fd6  .claude/skills/create-feature/SKILL.md
e584187bd3859f6c59f12c72705342f52621c0f695899e7f6c93e5ea3040304f  .claude/skills/create-molecule/SKILL.md
58694a4a40588d4bbda639e4fa310d4965cecf2e712d52136288305a7a5efb3c  .claude/skills/external-service/SKILL.md
b67c9e44dae887bede7f3395b1a144b26f69a683b075bd12fb98e6ba73423243  .dependency-cruiser.js
49b261b891f3192df3edc76acf4756584ed90ee9fa9eaf74664c8d083d73b0d8  .env.example
fed77e703dc9677a6b31bb37287ed1393929fe5a90b4e24540969c87b07e334f  .eslintignore
7f1d85ab147815bd328dd254e084128ce2b0c49da32e3aca67c87372684f84a9  .eslintrc.js
8e634747507845aea7706f4e7f9149052d1852c803db2b13372e66f313088b2c  .firebaserc
13380d1822c7e21d5a722a6d4c168800df98bda9bc619ce281538db4e87f3c4e  .github/workflows/check.yml
339a67f18f46ae25dddf6bbd36b5f572a5be90b55659b7a76d639c9febcad467  .github/workflows/harness-guard.yml
e4223af64a0bebd2c8ca1e7f78c49bac60ce5f9512f40aff67d3bbadb58bd31a  .gitignore
0a977b400e9b7073cafe8682d008f106d1250f685f60de16bd775db8ef00af43  .husky/pre-commit
c23ff7820aef3e8e0c47ff599859ccff073847293b4450b61b8192ac699ae8fa  .husky/pre-merge-commit
9b03e40a0daa42ad82b0dd72f1465c81c7d9ef42418783086cee2eedce6197bc  .husky/pre-push
7d85788526ddbcc80d5bd501d8d076b0dad5838c147febcaa1e048ed8be9fae2  .prettierignore
26376070bfa3cb2319ebaf266425f2db00b3f49daad09e6f36a119505baa0047  .prettierrc.js
ca3d163bab055381827226140568f3bef7eaac187cebd76878e0b63e9e442356  .watchmanconfig
7b17c6cc84b4cd4816c0234b5c139cc3f88f69693691ac2fe3c6aff650e759d5  CLAUDE.md
731cb657e8b565a302671772c6cde455dfa19f7c4015b778afec9b7e67da5200  Gemfile
e3814c28595c62eb281ce7a35368cfa1618c57da777f35922b0c7f37fa362e5a  Gemfile.lock
c44f9c229eaeb5eec4250d927aac6f5cf8b5d32539cc6ce552c75f4e1455a8e9  babel.config.js
ce1ea2a003e3b687a023a9419cdf6e01203d7c71334c4b0fedbdce5a3acefc28  docs-site/docusaurus.config.ts
8797b3cb6347d58446c65cc89f91873da0e391c36bb88adac15b084f3fd477a2  docs-site/package-lock.json
63fd84e641f657cd7e020c161edc5d2287834cba918cd02ce5b35bf78aad3c35  docs-site/package.json
7381f34609addae00ae82c3482ddd6848721035ab2e3c045bfbb0cf5231d9b99  docs-site/sidebars.ts
e3b0c44298fc1c149afbf4c8996fb92427ae41e4649b934ca495991b7852b855  docs-site/static/.nojekyll
3503c22fc34506673fdce098a90b40f3db93432a7b7f5baf44b278fe0d09bd11  docs-site/tsconfig.json
8dad3b5fb98a5bcacc580d78c88475d217921da9c5f8da7067343bc7a1b2834f  eslint-local-rules.js
fa0c182e9a4c09837c1efbb360b73dfbc82b6028cc3be36ffec3508a52ee32bc  eslint-rules/justification.js
53e3179e139dd77f73214a9bbdc6318010b475dcaeb7be7b7305275312a03bfc  eslint-rules/log-format.js
344b602839660690c02fb1ce3f3fbd8e3635fb0c76a0a0f68b1e5e2143275c16  eslint-rules/no-magic-style-values.js
273ede39dcec45b09ae1513f07bda6898745e8ac152404f9d2931b5812007fc2  eslint-rules/no-unjustified-non-null.js
82fff44d9282d819083b7510b2cd866a3d97275c24191a2599fd19ebdcde9392  eslint-rules/no-unjustified-type-assertion.js
e358f56c2956690fddc896e41da49de3a30a55484c7e132440b97cb197104820  functions/package.json
3c02dca07775b31ce4e77dfb3bb660d7c6e577474d65a6216f1ea9bef54e1ca6  ios/.xcode.env
c4dce79a9002d177469e35835f377d8765c670e93cb53ee1da9f2a62b080437d  jest.config.js
7336f08f5853c1594d8818cbf1c826362fc8fdaf9be6b0fa004dcd0c691ea946  jest.setup.js
d2def72e8e4c792435f9425592b8a7962962db95e4e0c82238a4e6248bfcb4ec  package-lock.json
d85038b314a5a4492927dac434aa992e78338bec647409f5b7cb4db718e4eeb0  package.json
4d7518bf9f4821847c875375b5b1d7db28c980b0f3da6d5f504433b104c27fdd  scripts/allowed-dependencies.json
d4408b4895e8cbaefb0daa5cc1b0fa48553a446247240e8a815f61083c3cce37  scripts/audit-accepted.json
70a128234e132dd1a4df5cdf0ca2bb55fa47cce1b4cecc3f4b18181d961a80f1  scripts/check-audit-verdict.py
cad9868e5cede39e633c2b9be0fef3b454fd0ab7679929926cffad8595644fde  scripts/check-audit.sh
253cec6215525b460fda4510fa3592c6b3178f1a60fc35b634b345bc35c952c4  scripts/check-deps.js
05e86d4377b22481c6203cf0704ba486271111819fc26085f2dc8eb415a76fd9  scripts/check-diff.sh
a51a390ae9d08bf45e3dd45e87abc1f49cba24852642973cc77219c9a55b7f7d  scripts/check-doc-refs.sh
c4c4a62a5258494ac296a83ff8e6526100e6c97916229cccf4679ede971246fe  scripts/check-native.py
0770f61b623d2064a7f6365434c3eada62fa6599f2dd66fb5683b4f377373752  scripts/check-scripts.sh
41c56b1151bf32ad677cbd31d07a1688e399bd0c011846686f4724b96b91ac44  scripts/check.sh
e1962f316c57dfef140f03b954ac0208602f26189eb268e0cabc7b939c7ea38e  scripts/harness-lock.sh
60f1d0a6bf5c13a52c70739015841bf83127b6b9d8731c48f3bb2c84761f4e45  scripts/harness-protected.txt
9a333700aaece43f24e08f88b7812d27c8359831674ec9b8464c1c1eb975bd39  scripts/harness-selftest.sh
f8af733b276f3f61bf89b025d7477b2815e726de44db32fa85f66be8a9c2a15c  scripts/hooks/harness_paths.py
2ffd1ecf1db70989045866b8a96f6c76b17ad43201e379ed630adc7d428ede4d  scripts/hooks/post-edit-check.sh
4d8e7af101f68a1be66e846b5774ea2ed2897235c7c87ff0147693aa053093a3  scripts/hooks/pre-bash-guard.py
432ba0a15af6f9b40ad0e75fe7605f15bb9442898e167d86fc50f74f84bef947  scripts/hooks/pre-edit-guard.py
7c27010dd8fcd89525dbc37fbbcd8beeca93a565a47f149ceb678179de06fadf  scripts/hooks/reset-review.sh
d898a69cd43e13dadef4c466b125f0c285c7a196414caae147c327563f1eb8f4  scripts/hooks/seal-review.sh
2d2c67b41b24f2af5040c636acf63ff5c6366f941e239df1e68f6fcf2672cee7  scripts/hooks/stop-check.sh
b858a101bcd4dd05bec59524d931c119740ccd96a5b91194f39dba27a7f91598  scripts/hooks/tree-hash.sh
4d091f332ef1223560fee413f8508cfdbcb48c3cb0d782114fc731a34f3789e4  scripts/review-gate.sh
b05b26d7e182f8672bc40d8432dcf0d44b8ac54d1947b4d161e4e85fba16344a  scripts/sensors.sh
cdcfc137e4c5ade95fcc479a61b25c1007b67e96aba2df5dc9fca578c25b5c8c  scripts/setup-branch-protection.sh
bd37020c86e114aa708c26d496ae3e71bd59729e73d9908fba816cb67b10afbc  src/i18n/locales.parity.test.ts
6db3dea039d9ef7a9970353f8bdeec636735afcb128d06a98ab66f6cc95dae0a  src/theme/contrast.test.ts
5e435c7a991d7deafe3a2d5add90b5ebcd9cdab11251fca1af7e0c2d04903d06  src/types/stdlib-unknown.d.ts
06741b96e1079ebb7a334d9dc8313bef9b8334e6d74148b60397bc15cb196d72  tsconfig.json
b07bf43f5fcb19aa34b076b5f095d3dd632f3dafb6178c6e20f8f5a22f78f47d  typedoc.config.mjs
